
Microsoft Visual Studio Solution File, Format Version 12.00
# Visual Studio Version 16
VisualStudioVersion = 16.0.30621.155
MinimumVisualStudioVersion = 10.0.40219.1
Project("{E24C65DC-7377-472B-9ABA-BC803B73C61A}") = "Musiclog_App_Service", "..\..\..\Desktop\Music\Musiclog_App_Service\", "{D85407EA-FF82-40AC-AA96-BB62D26E160E}"
	ProjectSection(WebsiteProperties) = preProject
		TargetFrameworkMoniker = ".NETFramework,Version%3Dv4.8"
		Debug.AspNetCompiler.VirtualPath = "/localhost_55611"
		Debug.AspNetCompiler.PhysicalPath = "..\..\..\Desktop\Music\Musiclog_App_Service\"
		Debug.AspNetCompiler.TargetPath = "PrecompiledWeb\localhost_55611\"
		Debug.AspNetCompiler.Updateable = "true"
		Debug.AspNetCompiler.ForceOverwrite = "true"
		Debug.AspNetCompiler.FixedNames = "false"
		Debug.AspNetCompiler.Debug = "True"
		Release.AspNetCompiler.VirtualPath = "/localhost_55611"
		Release.AspNetCompiler.PhysicalPath = "..\..\..\Desktop\Music\Musiclog_App_Service\"
		Release.AspNetCompiler.TargetPath = "PrecompiledWeb\localhost_55611\"
		Release.AspNetCompiler.Updateable = "true"
		Release.AspNetCompiler.ForceOverwrite = "true"
		Release.AspNetCompiler.FixedNames = "false"
		Release.AspNetCompiler.Debug = "False"
		VWDPort = "55611"
	EndProjectSection
EndProject
Global
	GlobalSection(SolutionConfigurationPlatforms) = preSolution
		Debug|Any CPU = Debug|Any CPU
	EndGlobalSection
	GlobalSection(ProjectConfigurationPlatforms) = postSolution
		{D85407EA-FF82-40AC-AA96-BB62D26E160E}.Debug|Any CPU.ActiveCfg = Debug|Any CPU
		{D85407EA-FF82-40AC-AA96-BB62D26E160E}.Debug|Any CPU.Build.0 = Debug|Any CPU
	EndGlobalSection
	GlobalSection(SolutionProperties) = preSolution
		HideSolutionNode = FALSE
	EndGlobalSection
	GlobalSection(ExtensibilityGlobals) = postSolution
		SolutionGuid = {04B3110B-48B1-4E93-9F40-0C43E50F542C}
	EndGlobalSection
EndGlobal
